
Microsoft Visual Studio Solution File, Format Version 12.00
# Visual Studio Version 16
VisualStudioVersion = 16.0.32002.261
MinimumVisualStudioVersion = 10.0.40219.1
Project("{FAE04EC0-301F-11D3-BF4B-00C04F79EFBC}") = "MsWebGame.Thecao", "WebGame.Thecao\MsWebGame.Thecao.csproj", "{9D002254-CC0F-4F0E-8AC0-21DE8C9DFF78}"
EndProject
Project("{FAE04EC0-301F-11D3-BF4B-00C04F79EFBC}") = "MsWebGame.Facebook", "WebGame.Facebook\MsWebGame.Facebook.csproj", "{DB98BFAB-5DE4-4328-B794-AF87384B9343}"
EndProject
Project("{FAE04EC0-301F-11D3-BF4B-00C04F79EFBC}") = "TraditionGame.Utilities", "..\TraditionGame.Utilities\TraditionGame.Utilities.csproj", "{E3359588-C7D5-465B-B89E-1BC7FF1A9633}"
EndProject
Project("{FAE04EC0-301F-11D3-BF4B-00C04F79EFBC}") = "MsWebGame.SafeOtp", "MsWebGame.SafeOtp\MsWebGame.SafeOtp.csproj", "{07A72D16-4D25-4A2D-A97A-83A77470AD6F}"
EndProject
Project("{FAE04EC0-301F-11D3-BF4B-00C04F79EFBC}") = "MsWebGame.Portal", "WebGame.Portal\MsWebGame.Portal.csproj", "{AA043E1A-4ED6-4B58-AA6F-784C8804774C}"
EndProject
Project("{FAE04EC0-301F-11D3-BF4B-00C04F79EFBC}") = "MsWebGame.CSKH", "WebGame.CSKH\MsWebGame.CSKH.csproj", "{BFF3DBA6-BA1D-466C-892F-1560E77F9397}"
EndProject
Project("{FAE04EC0-301F-11D3-BF4B-00C04F79EFBC}") = "MsTraditionGame.Utilities", "TraditionGame.Utilities\MsTraditionGame.Utilities.csproj", "{D24F9B4A-6A1C-43FD-B265-D43A415CCB38}"
EndProject
Project("{FAE04EC0-301F-11D3-BF4B-00C04F79EFBC}") = "MsWebGame.RedisCache", "..\WebGame.RedisCache\MsWebGame.RedisCache.csproj", "{AAF9C3AA-17A6-44BD-AFF0-A42D1F00A8A1}"
EndProject
Global
	GlobalSection(SolutionConfigurationPlatforms) = preSolution
		Debug|Any CPU = Debug|Any CPU
		Release|Any CPU = Release|Any CPU
	EndGlobalSection
	GlobalSection(ProjectConfigurationPlatforms) = postSolution
		{9D002254-CC0F-4F0E-8AC0-21DE8C9DFF78}.Debug|Any CPU.ActiveCfg = Debug|Any CPU
		{9D002254-CC0F-4F0E-8AC0-21DE8C9DFF78}.Debug|Any CPU.Build.0 = Debug|Any CPU
		{9D002254-CC0F-4F0E-8AC0-21DE8C9DFF78}.Release|Any CPU.ActiveCfg = Release|Any CPU
		{9D002254-CC0F-4F0E-8AC0-21DE8C9DFF78}.Release|Any CPU.Build.0 = Release|Any CPU
		{DB98BFAB-5DE4-4328-B794-AF87384B9343}.Debug|Any CPU.ActiveCfg = Debug|Any CPU
		{DB98BFAB-5DE4-4328-B794-AF87384B9343}.Debug|Any CPU.Build.0 = Debug|Any CPU
		{DB98BFAB-5DE4-4328-B794-AF87384B9343}.Release|Any CPU.ActiveCfg = Release|Any CPU
		{DB98BFAB-5DE4-4328-B794-AF87384B9343}.Release|Any CPU.Build.0 = Release|Any CPU
		{E3359588-C7D5-465B-B89E-1BC7FF1A9633}.Debug|Any CPU.ActiveCfg = Debug|Any CPU
		{E3359588-C7D5-465B-B89E-1BC7FF1A9633}.Debug|Any CPU.Build.0 = Debug|Any CPU
		{E3359588-C7D5-465B-B89E-1BC7FF1A9633}.Release|Any CPU.ActiveCfg = Release|Any CPU
		{E3359588-C7D5-465B-B89E-1BC7FF1A9633}.Release|Any CPU.Build.0 = Release|Any CPU
		{07A72D16-4D25-4A2D-A97A-83A77470AD6F}.Debug|Any CPU.ActiveCfg = Debug|Any CPU
		{07A72D16-4D25-4A2D-A97A-83A77470AD6F}.Debug|Any CPU.Build.0 = Debug|Any CPU
		{07A72D16-4D25-4A2D-A97A-83A77470AD6F}.Release|Any CPU.ActiveCfg = Release|Any CPU
		{07A72D16-4D25-4A2D-A97A-83A77470AD6F}.Release|Any CPU.Build.0 = Release|Any CPU
		{AA043E1A-4ED6-4B58-AA6F-784C8804774C}.Debug|Any CPU.ActiveCfg = Debug|Any CPU
		{AA043E1A-4ED6-4B58-AA6F-784C8804774C}.Debug|Any CPU.Build.0 = Debug|Any CPU
		{AA043E1A-4ED6-4B58-AA6F-784C8804774C}.Release|Any CPU.ActiveCfg = Release|Any CPU
		{AA043E1A-4ED6-4B58-AA6F-784C8804774C}.Release|Any CPU.Build.0 = Release|Any CPU
		{BFF3DBA6-BA1D-466C-892F-1560E77F9397}.Debug|Any CPU.ActiveCfg = Debug|Any CPU
		{BFF3DBA6-BA1D-466C-892F-1560E77F9397}.Debug|Any CPU.Build.0 = Debug|Any CPU
		{BFF3DBA6-BA1D-466C-892F-1560E77F9397}.Release|Any CPU.ActiveCfg = Release|Any CPU
		{BFF3DBA6-BA1D-466C-892F-1560E77F9397}.Release|Any CPU.Build.0 = Release|Any CPU
		{D24F9B4A-6A1C-43FD-B265-D43A415CCB38}.Debug|Any CPU.ActiveCfg = Debug|Any CPU
		{D24F9B4A-6A1C-43FD-B265-D43A415CCB38}.Debug|Any CPU.Build.0 = Debug|Any CPU
		{D24F9B4A-6A1C-43FD-B265-D43A415CCB38}.Release|Any CPU.ActiveCfg = Release|Any CPU
		{D24F9B4A-6A1C-43FD-B265-D43A415CCB38}.Release|Any CPU.Build.0 = Release|Any CPU
		{AAF9C3AA-17A6-44BD-AFF0-A42D1F00A8A1}.Debug|Any CPU.ActiveCfg = Debug|Any CPU
		{AAF9C3AA-17A6-44BD-AFF0-A42D1F00A8A1}.Debug|Any CPU.Build.0 = Debug|Any CPU
		{AAF9C3AA-17A6-44BD-AFF0-A42D1F00A8A1}.Release|Any CPU.ActiveCfg = Release|Any CPU
		{AAF9C3AA-17A6-44BD-AFF0-A42D1F00A8A1}.Release|Any CPU.Build.0 = Release|Any CPU
	EndGlobalSection
	GlobalSection(SolutionProperties) = preSolution
		HideSolutionNode = FALSE
	EndGlobalSection
	GlobalSection(ExtensibilityGlobals) = postSolution
		SolutionGuid = {8D9C03A5-5BA4-4B2B-93AE-4D039FACF3EA}
	EndGlobalSection
EndGlobal
