
Microsoft Visual Studio Solution File, Format Version 12.00
# Visual Studio Version 17
VisualStudioVersion = 17.13.35931.197
MinimumVisualStudioVersion = 10.0.40219.1
Project("{FAE04EC0-301F-11D3-BF4B-00C04F79EFBC}") = "TraditionGame.Utilities", "TraditionGame.Utilities\TraditionGame.Utilities.csproj", "{2CEC1535-B112-4153-98C3-48D4A1D85E98}"
EndProject
Project("{FAE04EC0-301F-11D3-BF4B-00C04F79EFBC}") = "MsWebGame.RedisCache", "WebGame.RedisCache\MsWebGame.RedisCache.csproj", "{6A195B17-8F33-4B4A-ABA2-1414DDBBA4BC}"
EndProject
Project("{FAE04EC0-301F-11D3-BF4B-00C04F79EFBC}") = "HorseHunter.Server", "HorseHunter.Server\HorseHunter.Server.csproj", "{75ED1951-A390-479B-BF2B-9C534D5A09ED}"
EndProject
Global
	GlobalSection(SolutionConfigurationPlatforms) = preSolution
		Debug|Any CPU = Debug|Any CPU
		Release|Any CPU = Release|Any CPU
	EndGlobalSection
	GlobalSection(ProjectConfigurationPlatforms) = postSolution
		{2CEC1535-B112-4153-98C3-48D4A1D85E98}.Debug|Any CPU.ActiveCfg = Debug|Any CPU
		{2CEC1535-B112-4153-98C3-48D4A1D85E98}.Debug|Any CPU.Build.0 = Debug|Any CPU
		{2CEC1535-B112-4153-98C3-48D4A1D85E98}.Release|Any CPU.ActiveCfg = Release|Any CPU
		{2CEC1535-B112-4153-98C3-48D4A1D85E98}.Release|Any CPU.Build.0 = Release|Any CPU
		{6A195B17-8F33-4B4A-ABA2-1414DDBBA4BC}.Debug|Any CPU.ActiveCfg = Debug|Any CPU
		{6A195B17-8F33-4B4A-ABA2-1414DDBBA4BC}.Debug|Any CPU.Build.0 = Debug|Any CPU
		{6A195B17-8F33-4B4A-ABA2-1414DDBBA4BC}.Release|Any CPU.ActiveCfg = Release|Any CPU
		{6A195B17-8F33-4B4A-ABA2-1414DDBBA4BC}.Release|Any CPU.Build.0 = Release|Any CPU
		{75ED1951-A390-479B-BF2B-9C534D5A09ED}.Debug|Any CPU.ActiveCfg = Debug|Any CPU
		{75ED1951-A390-479B-BF2B-9C534D5A09ED}.Debug|Any CPU.Build.0 = Debug|Any CPU
		{75ED1951-A390-479B-BF2B-9C534D5A09ED}.Release|Any CPU.ActiveCfg = Release|Any CPU
		{75ED1951-A390-479B-BF2B-9C534D5A09ED}.Release|Any CPU.Build.0 = Release|Any CPU
	EndGlobalSection
	GlobalSection(SolutionProperties) = preSolution
		HideSolutionNode = FALSE
	EndGlobalSection
	GlobalSection(ExtensibilityGlobals) = postSolution
		SolutionGuid = {AB2F39F4-3937-42FF-82C2-CC04F395F1A2}
	EndGlobalSection
EndGlobal
